
Microsoft Visual Studio Solution File, Format Version 12.00
# Visual Studio Version 17
VisualStudioVersion = 17.14.36705.20 d17.14
MinimumVisualStudioVersion = 10.0.40219.1
Project("{FAE04EC0-301F-11D3-BF4B-00C04F79EFBC}") = "animalsMVC", "animalsMVC.csproj", "{C94286C7-C90C-42C4-9ABF-3BBEC4B55F79}"
EndProject
Global
	GlobalSection(SolutionConfigurationPlatforms) = preSolution
		Debug|Any CPU = Debug|Any CPU
		Release|Any CPU = Release|Any CPU
	EndGlobalSection
	GlobalSection(ProjectConfigurationPlatforms) = postSolution
		{C94286C7-C90C-42C4-9ABF-3BBEC4B55F79}.Debug|Any CPU.ActiveCfg = Debug|Any CPU
		{C94286C7-C90C-42C4-9ABF-3BBEC4B55F79}.Debug|Any CPU.Build.0 = Debug|Any CPU
		{C94286C7-C90C-42C4-9ABF-3BBEC4B55F79}.Release|Any CPU.ActiveCfg = Release|Any CPU
		{C94286C7-C90C-42C4-9ABF-3BBEC4B55F79}.Release|Any CPU.Build.0 = Release|Any CPU
	EndGlobalSection
	GlobalSection(SolutionProperties) = preSolution
		HideSolutionNode = FALSE
	EndGlobalSection
	GlobalSection(ExtensibilityGlobals) = postSolution
		SolutionGuid = {A3CCD01D-32A2-4335-AEEC-631819418FB4}
	EndGlobalSection
EndGlobal
